// !$*UTF8*$!
{
	archiveVersion = 1;
	classes = {
	};
	objectVersion = 56;
	objects = {

/* Begin PBXBuildFile section */
		BFE2C1062C3C099900A41810 /* AppDelegate.swift in Sources */ = {isa = PBXBuildFile; fileRef = BFE2C1052C3C099900A41810 /* AppDelegate.swift */; };
		BFE2C1082C3C099900A41810 /* SceneDelegate.swift in Sources */ = {isa = PBXBuildFile; fileRef = BFE2C1072C3C099900A41810 /* SceneDelegate.swift */; };
		BFE2C10F2C3C099A00A41810 /* Assets.xcassets in Resources */ = {isa = PBXBuildFile; fileRef = BFE2C10E2C3C099A00A41810 /* Assets.xcassets */; };
		BFE2C1122C3C099A00A41810 /* Base in Resources */ = {isa = PBXBuildFile; fileRef = BFE2C1112C3C099A00A41810 /* Base */; };
		BFE2C11A2C3C10FB00A41810 /* SearchVC.swift in Sources */ = {isa = PBXBuildFile; fileRef = BFE2C1192C3C10FB00A41810 /* SearchVC.swift */; };
		BFE2C11C2C3C112600A41810 /* FavoritesListVC.swift in Sources */ = {isa = PBXBuildFile; fileRef = BFE2C11B2C3C112600A41810 /* FavoritesListVC.swift */; };
		BFE2C11E2C3C160900A41810 /* GFButton.swift in Sources */ = {isa = PBXBuildFile; fileRef = BFE2C11D2C3C160900A41810 /* GFButton.swift */; };
		BFE2C1202C3C1A9F00A41810 /* GFTextField.swift in Sources */ = {isa = PBXBuildFile; fileRef = BFE2C11F2C3C1A9F00A41810 /* GFTextField.swift */; };
		BFE2C1222C3CD3E100A41810 /* FollowerListVC.swift in Sources */ = {isa = PBXBuildFile; fileRef = BFE2C1212C3CD3E100A41810 /* FollowerListVC.swift */; };
		BFE2C1242C3CD7FA00A41810 /* GFTitleLabel.swift in Sources */ = {isa = PBXBuildFile; fileRef = BFE2C1232C3CD7FA00A41810 /* GFTitleLabel.swift */; };
		BFE2C1262C3CDA3A00A41810 /* GFBodyLabel.swift in Sources */ = {isa = PBXBuildFile; fileRef = BFE2C1252C3CDA3A00A41810 /* GFBodyLabel.swift */; };
		BFE2C1282C3CDAF900A41810 /* GFAlertVC.swift in Sources */ = {isa = PBXBuildFile; fileRef = BFE2C1272C3CDAF900A41810 /* GFAlertVC.swift */; };
		BFE2C12A2C3CE09600A41810 /* UIViewController+Ext.swift in Sources */ = {isa = PBXBuildFile; fileRef = BFE2C1292C3CE09600A41810 /* UIViewController+Ext.swift */; };
		BFE2C1312C3CE68D00A41810 /* Follower.swift in Sources */ = {isa = PBXBuildFile; fileRef = BFE2C1302C3CE68D00A41810 /* Follower.swift */; };
		BFE2C1332C3CE74900A41810 /* User.swift in Sources */ = {isa = PBXBuildFile; fileRef = BFE2C1322C3CE74900A41810 /* User.swift */; };
		BFE2C1362C3CEB7500A41810 /* NetworkManager.swift in Sources */ = {isa = PBXBuildFile; fileRef = BFE2C1352C3CEB7500A41810 /* NetworkManager.swift */; };
		BFE2C1392C3CF1D000A41810 /* ErrorMessage.swift in Sources */ = {isa = PBXBuildFile; fileRef = BFE2C1382C3CF1D000A41810 /* ErrorMessage.swift */; };
		BFE2C13C2C3CF95C00A41810 /* FollowerCell.swift in Sources */ = {isa = PBXBuildFile; fileRef = BFE2C13B2C3CF95C00A41810 /* FollowerCell.swift */; };
		BFE2C13E2C3CF9CE00A41810 /* GFAvatarImageView.swift in Sources */ = {isa = PBXBuildFile; fileRef = BFE2C13D2C3CF9CE00A41810 /* GFAvatarImageView.swift */; };
/* End PBXBuildFile section */

/* Begin PBXFileReference section */
		BFE2C1022C3C099900A41810 /* GithubFollowers.app */ = {isa = PBXFileReference; explicitFileType = wrapper.application; includeInIndex = 0; path = GithubFollowers.app; sourceTree = BUILT_PRODUCTS_DIR; };
		BFE2C1052C3C099900A41810 /* AppDelegate.swift */ = {isa = PBXFileReference; lastKnownFileType = sourcecode.swift; path = AppDelegate.swift; sourceTree = "<group>"; };
		BFE2C1072C3C099900A41810 /* SceneDelegate.swift */ = {isa = PBXFileReference; lastKnownFileType = sourcecode.swift; path = SceneDelegate.swift; sourceTree = "<group>"; };
		BFE2C10E2C3C099A00A41810 /* Assets.xcassets */ = {isa = PBXFileReference; lastKnownFileType = folder.assetcatalog; path = Assets.xcassets; sourceTree = "<group>"; };
		BFE2C1112C3C099A00A41810 /* Base */ = {isa = PBXFileReference; lastKnownFileType = file.storyboard; name = Base; path = Base.lproj/LaunchScreen.storyboard; sourceTree = "<group>"; };
		BFE2C1132C3C099A00A41810 /* Info.plist */ = {isa = PBXFileReference; lastKnownFileType = text.plist.xml; path = Info.plist; sourceTree = "<group>"; };
		BFE2C1192C3C10FB00A41810 /* SearchVC.swift */ = {isa = PBXFileReference; lastKnownFileType = sourcecode.swift; path = SearchVC.swift; sourceTree = "<group>"; };
		BFE2C11B2C3C112600A41810 /* FavoritesListVC.swift */ = {isa = PBXFileReference; lastKnownFileType = sourcecode.swift; path = FavoritesListVC.swift; sourceTree = "<group>"; };
		BFE2C11D2C3C160900A41810 /* GFButton.swift */ = {isa = PBXFileReference; lastKnownFileType = sourcecode.swift; path = GFButton.swift; sourceTree = "<group>"; };
		BFE2C11F2C3C1A9F00A41810 /* GFTextField.swift */ = {isa = PBXFileReference; lastKnownFileType = sourcecode.swift; path = GFTextField.swift; sourceTree = "<group>"; };
		BFE2C1212C3CD3E100A41810 /* FollowerListVC.swift */ = {isa = PBXFileReference; lastKnownFileType = sourcecode.swift; path = FollowerListVC.swift; sourceTree = "<group>"; };
		BFE2C1232C3CD7FA00A41810 /* GFTitleLabel.swift */ = {isa = PBXFileReference; lastKnownFileType = sourcecode.swift; path = GFTitleLabel.swift; sourceTree = "<group>"; };
		BFE2C1252C3CDA3A00A41810 /* GFBodyLabel.swift */ = {isa = PBXFileReference; lastKnownFileType = sourcecode.swift; path = GFBodyLabel.swift; sourceTree = "<group>"; };
		BFE2C1272C3CDAF900A41810 /* GFAlertVC.swift */ = {isa = PBXFileReference; lastKnownFileType = sourcecode.swift; path = GFAlertVC.swift; sourceTree = "<group>"; };
		BFE2C1292C3CE09600A41810 /* UIViewController+Ext.swift */ = {isa = PBXFileReference; lastKnownFileType = sourcecode.swift; path = "UIViewController+Ext.swift"; sourceTree = "<group>"; };
		BFE2C1302C3CE68D00A41810 /* Follower.swift */ = {isa = PBXFileReference; lastKnownFileType = sourcecode.swift; path = Follower.swift; sourceTree = "<group>"; };
		BFE2C1322C3CE74900A41810 /* User.swift */ = {isa = PBXFileReference; lastKnownFileType = sourcecode.swift; path = User.swift; sourceTree = "<group>"; };
		BFE2C1352C3CEB7500A41810 /* NetworkManager.swift */ = {isa = PBXFileReference; lastKnownFileType = sourcecode.swift; path = NetworkManager.swift; sourceTree = "<group>"; };
		BFE2C1382C3CF1D000A41810 /* ErrorMessage.swift */ = {isa = PBXFileReference; lastKnownFileType = sourcecode.swift; path = ErrorMessage.swift; sourceTree = "<group>"; };
		BFE2C13B2C3CF95C00A41810 /* FollowerCell.swift */ = {isa = PBXFileReference; lastKnownFileType = sourcecode.swift; path = FollowerCell.swift; sourceTree = "<group>"; };
		BFE2C13D2C3CF9CE00A41810 /* GFAvatarImageView.swift */ = {isa = PBXFileReference; lastKnownFileType = sourcecode.swift; path = GFAvatarImageView.swift; sourceTree = "<group>"; };
/* End PBXFileReference section */

/* Begin PBXFrameworksBuildPhase section */
		BFE2C0FF2C3C099900A41810 /* Frameworks */ = {
			isa = PBXFrameworksBuildPhase;
			buildActionMask = 2147483647;
			files = (
			);
			runOnlyForDeploymentPostprocessing = 0;
		};
/* End PBXFrameworksBuildPhase section */

/* Begin PBXGroup section */
		BFE2C0F92C3C099900A41810 = {
			isa = PBXGroup;
			children = (
				BFE2C1042C3C099900A41810 /* GithubFollowers */,
				BFE2C1032C3C099900A41810 /* Products */,
			);
			sourceTree = "<group>";
		};
		BFE2C1032C3C099900A41810 /* Products */ = {
			isa = PBXGroup;
			children = (
				BFE2C1022C3C099900A41810 /* GithubFollowers.app */,
			);
			name = Products;
			sourceTree = "<group>";
		};
		BFE2C1042C3C099900A41810 /* GithubFollowers */ = {
			isa = PBXGroup;
			children = (
				BFE2C1372C3CF1BF00A41810 /* Utilities */,
				BFE2C1342C3CEB6400A41810 /* Managers */,
				BFE2C1132C3C099A00A41810 /* Info.plist */,
				BFE2C12F2C3CE68200A41810 /* Model */,
				BFE2C12E2C3CE3F300A41810 /* Support */,
				BFE2C12D2C3CE3CE00A41810 /* Extensions */,
				BFE2C12C2C3CE3A900A41810 /* Custom Views */,
				BFE2C12B2C3CE30D00A41810 /* Screens */,
			);
			path = GithubFollowers;
			sourceTree = "<group>";
		};
		BFE2C12B2C3CE30D00A41810 /* Screens */ = {
			isa = PBXGroup;
			children = (
				BFE2C1212C3CD3E100A41810 /* FollowerListVC.swift */,
				BFE2C1192C3C10FB00A41810 /* SearchVC.swift */,
				BFE2C11B2C3C112600A41810 /* FavoritesListVC.swift */,
			);
			path = Screens;
			sourceTree = "<group>";
		};
		BFE2C12C2C3CE3A900A41810 /* Custom Views */ = {
			isa = PBXGroup;
			children = (
				BFE2C13A2C3CF90300A41810 /* Cells */,
				BFE2C11F2C3C1A9F00A41810 /* GFTextField.swift */,
				BFE2C1232C3CD7FA00A41810 /* GFTitleLabel.swift */,
				BFE2C1252C3CDA3A00A41810 /* GFBodyLabel.swift */,
				BFE2C1272C3CDAF900A41810 /* GFAlertVC.swift */,
				BFE2C11D2C3C160900A41810 /* GFButton.swift */,
				BFE2C13D2C3CF9CE00A41810 /* GFAvatarImageView.swift */,
			);
			path = "Custom Views";
			sourceTree = "<group>";
		};
		BFE2C12D2C3CE3CE00A41810 /* Extensions */ = {
			isa = PBXGroup;
			children = (
				BFE2C1292C3CE09600A41810 /* UIViewController+Ext.swift */,
			);
			path = Extensions;
			sourceTree = "<group>";
		};
		BFE2C12E2C3CE3F300A41810 /* Support */ = {
			isa = PBXGroup;
			children = (
				BFE2C1052C3C099900A41810 /* AppDelegate.swift */,
				BFE2C1072C3C099900A41810 /* SceneDelegate.swift */,
				BFE2C10E2C3C099A00A41810 /* Assets.xcassets */,
				BFE2C1102C3C099A00A41810 /* LaunchScreen.storyboard */,
			);
			path = Support;
			sourceTree = "<group>";
		};
		BFE2C12F2C3CE68200A41810 /* Model */ = {
			isa = PBXGroup;
			children = (
				BFE2C1302C3CE68D00A41810 /* Follower.swift */,
				BFE2C1322C3CE74900A41810 /* User.swift */,
			);
			path = Model;
			sourceTree = "<group>";
		};
		BFE2C1342C3CEB6400A41810 /* Managers */ = {
			isa = PBXGroup;
			children = (
				BFE2C1352C3CEB7500A41810 /* NetworkManager.swift */,
			);
			path = Managers;
			sourceTree = "<group>";
		};
		BFE2C1372C3CF1BF00A41810 /* Utilities */ = {
			isa = PBXGroup;
			children = (
				BFE2C1382C3CF1D000A41810 /* ErrorMessage.swift */,
			);
			path = Utilities;
			sourceTree = "<group>";
		};
		BFE2C13A2C3CF90300A41810 /* Cells */ = {
			isa = PBXGroup;
			children = (
				BFE2C13B2C3CF95C00A41810 /* FollowerCell.swift */,
			);
			path = Cells;
			sourceTree = "<group>";
		};
/* End PBXGroup section */

/* Begin PBXNativeTarget section */
		BFE2C1012C3C099900A41810 /* GithubFollowers */ = {
			isa = PBXNativeTarget;
			buildConfigurationList = BFE2C1162C3C099A00A41810 /* Build configuration list for PBXNativeTarget "GithubFollowers" */;
			buildPhases = (
				BFE2C0FE2C3C099900A41810 /* Sources */,
				BFE2C0FF2C3C099900A41810 /* Frameworks */,
				BFE2C1002C3C099900A41810 /* Resources */,
			);
			buildRules = (
			);
			dependencies = (
			);
			name = GithubFollowers;
			productName = GithubFollowers;
			productReference = BFE2C1022C3C099900A41810 /* GithubFollowers.app */;
			productType = "com.apple.product-type.application";
		};
/* End PBXNativeTarget section */

/* Begin PBXProject section */
		BFE2C0FA2C3C099900A41810 /* Project object */ = {
			isa = PBXProject;
			attributes = {
				BuildIndependentTargetsInParallel = 1;
				LastSwiftUpdateCheck = 1540;
				LastUpgradeCheck = 1540;
				TargetAttributes = {
					BFE2C1012C3C099900A41810 = {
						CreatedOnToolsVersion = 15.4;
					};
				};
			};
			buildConfigurationList = BFE2C0FD2C3C099900A41810 /* Build configuration list for PBXProject "GithubFollowers" */;
			compatibilityVersion = "Xcode 14.0";
			developmentRegion = en;
			hasScannedForEncodings = 0;
			knownRegions = (
				en,
				Base,
			);
			mainGroup = BFE2C0F92C3C099900A41810;
			productRefGroup = BFE2C1032C3C099900A41810 /* Products */;
			projectDirPath = "";
			projectRoot = "";
			targets = (
				BFE2C1012C3C099900A41810 /* GithubFollowers */,
			);
		};
/* End PBXProject section */

/* Begin PBXResourcesBuildPhase section */
		BFE2C1002C3C099900A41810 /* Resources */ = {
			isa = PBXResourcesBuildPhase;
			buildActionMask = 2147483647;
			files = (
				BFE2C10F2C3C099A00A41810 /* Assets.xcassets in Resources */,
				BFE2C1122C3C099A00A41810 /* Base in Resources */,
			);
			runOnlyForDeploymentPostprocessing = 0;
		};
/* End PBXResourcesBuildPhase section */

/* Begin PBXSourcesBuildPhase section */
		BFE2C0FE2C3C099900A41810 /* Sources */ = {
			isa = PBXSourcesBuildPhase;
			buildActionMask = 2147483647;
			files = (
				BFE2C1332C3CE74900A41810 /* User.swift in Sources */,
				BFE2C1202C3C1A9F00A41810 /* GFTextField.swift in Sources */,
				BFE2C11C2C3C112600A41810 /* FavoritesListVC.swift in Sources */,
				BFE2C11E2C3C160900A41810 /* GFButton.swift in Sources */,
				BFE2C12A2C3CE09600A41810 /* UIViewController+Ext.swift in Sources */,
				BFE2C13E2C3CF9CE00A41810 /* GFAvatarImageView.swift in Sources */,
				BFE2C11A2C3C10FB00A41810 /* SearchVC.swift in Sources */,
				BFE2C1282C3CDAF900A41810 /* GFAlertVC.swift in Sources */,
				BFE2C13C2C3CF95C00A41810 /* FollowerCell.swift in Sources */,
				BFE2C1392C3CF1D000A41810 /* ErrorMessage.swift in Sources */,
				BFE2C1262C3CDA3A00A41810 /* GFBodyLabel.swift in Sources */,
				BFE2C1312C3CE68D00A41810 /* Follower.swift in Sources */,
				BFE2C1242C3CD7FA00A41810 /* GFTitleLabel.swift in Sources */,
				BFE2C1362C3CEB7500A41810 /* NetworkManager.swift in Sources */,
				BFE2C1222C3CD3E100A41810 /* FollowerListVC.swift in Sources */,
				BFE2C1062C3C099900A41810 /* AppDelegate.swift in Sources */,
				BFE2C1082C3C099900A41810 /* SceneDelegate.swift in Sources */,
			);
			runOnlyForDeploymentPostprocessing = 0;
		};
/* End PBXSourcesBuildPhase section */

/* Begin PBXVariantGroup section */
		BFE2C1102C3C099A00A41810 /* LaunchScreen.storyboard */ = {
			isa = PBXVariantGroup;
			children = (
				BFE2C1112C3C099A00A41810 /* Base */,
			);
			name = LaunchScreen.storyboard;
			sourceTree = "<group>";
		};
/* End PBXVariantGroup section */

/* Begin XCBuildConfiguration section */
		BFE2C1142C3C099A00A41810 /* Debug */ = {
			isa = XCBuildConfiguration;
			buildSettings = {
				ALWAYS_SEARCH_USER_PATHS = NO;
				ASSETCATALOG_COMPILER_GENERATE_SWIFT_ASSET_SYMBOL_EXTENSIONS = YES;
				CLANG_ANALYZER_NONNULL = YES;
				CLANG_ANALYZER_NUMBER_OBJECT_CONVERSION = YES_AGGRESSIVE;
				CLANG_CXX_LANGUAGE_STANDARD = "gnu++20";
				CLANG_ENABLE_MODULES = YES;
				CLANG_ENABLE_OBJC_ARC = YES;
				CLANG_ENABLE_OBJC_WEAK = YES;
				CLANG_WARN_BLOCK_CAPTURE_AUTORELEASING = YES;
				CLANG_WARN_BOOL_CONVERSION = YES;
				CLANG_WARN_COMMA = YES;
				CLANG_WARN_CONSTANT_CONVERSION = YES;
				CLANG_WARN_DEPRECATED_OBJC_IMPLEMENTATIONS = YES;
				CLANG_WARN_DIRECT_OBJC_ISA_USAGE = YES_ERROR;
				CLANG_WARN_DOCUMENTATION_COMMENTS = YES;
				CLANG_WARN_EMPTY_BODY = YES;
				CLANG_WARN_ENUM_CONVERSION = YES;
				CLANG_WARN_INFINITE_RECURSION = YES;
				CLANG_WARN_INT_CONVERSION = YES;
				CLANG_WARN_NON_LITERAL_NULL_CONVERSION = YES;
				CLANG_WARN_OBJC_IMPLICIT_RETAIN_SELF = YES;
				CLANG_WARN_OBJC_LITERAL_CONVERSION = YES;
				CLANG_WARN_OBJC_ROOT_CLASS = YES_ERROR;
				CLANG_WARN_QUOTED_INCLUDE_IN_FRAMEWORK_HEADER = YES;
				CLANG_WARN_RANGE_LOOP_ANALYSIS = YES;
				CLANG_WARN_STRICT_PROTOTYPES = YES;
				CLANG_WARN_SUSPICIOUS_MOVE = YES;
				CLANG_WARN_UNGUARDED_AVAILABILITY = YES_AGGRESSIVE;
				CLANG_WARN_UNREACHABLE_CODE = YES;
				CLANG_WARN__DUPLICATE_METHOD_MATCH = YES;
				COPY_PHASE_STRIP = NO;
				DEBUG_INFORMATION_FORMAT = dwarf;
				ENABLE_STRICT_OBJC_MSGSEND = YES;
				ENABLE_TESTABILITY = YES;
				ENABLE_USER_SCRIPT_SANDBOXING = YES;
				GCC_C_LANGUAGE_STANDARD = gnu17;
				GCC_DYNAMIC_NO_PIC = NO;
				GCC_NO_COMMON_BLOCKS = YES;
				GCC_OPTIMIZATION_LEVEL = 0;
				GCC_PREPROCESSOR_DEFINITIONS = (
					"DEBUG=1",
					"$(inherited)",
				);
				GCC_WARN_64_TO_32_BIT_CONVERSION = YES;
				GCC_WARN_ABOUT_RETURN_TYPE = YES_ERROR;
				GCC_WARN_UNDECLARED_SELECTOR = YES;
				GCC_WARN_UNINITIALIZED_AUTOS = YES_AGGRESSIVE;
				GCC_WARN_UNUSED_FUNCTION = YES;
				GCC_WARN_UNUSED_VARIABLE = YES;
				IPHONEOS_DEPLOYMENT_TARGET = 17.5;
				LOCALIZATION_PREFERS_STRING_CATALOGS = YES;
				MTL_ENABLE_DEBUG_INFO = INCLUDE_SOURCE;
				MTL_FAST_MATH = YES;
				ONLY_ACTIVE_ARCH = YES;
				SDKROOT = iphoneos;
				SWIFT_ACTIVE_COMPILATION_CONDITIONS = "DEBUG $(inherited)";
				SWIFT_OPTIMIZATION_LEVEL = "-Onone";
			};
			name = Debug;
		};
		BFE2C1152C3C099A00A41810 /* Release */ = {
			isa = XCBuildConfiguration;
			buildSettings = {
				ALWAYS_SEARCH_USER_PATHS = NO;
				ASSETCATALOG_COMPILER_GENERATE_SWIFT_ASSET_SYMBOL_EXTENSIONS = YES;
				CLANG_ANALYZER_NONNULL = YES;
				CLANG_ANALYZER_NUMBER_OBJECT_CONVERSION = YES_AGGRESSIVE;
				CLANG_CXX_LANGUAGE_STANDARD = "gnu++20";
				CLANG_ENABLE_MODULES = YES;
				CLANG_ENABLE_OBJC_ARC = YES;
				CLANG_ENABLE_OBJC_WEAK = YES;
				CLANG_WARN_BLOCK_CAPTURE_AUTORELEASING = YES;
				CLANG_WARN_BOOL_CONVERSION = YES;
				CLANG_WARN_COMMA = YES;
				CLANG_WARN_CONSTANT_CONVERSION = YES;
				CLANG_WARN_DEPRECATED_OBJC_IMPLEMENTATIONS = YES;
				CLANG_WARN_DIRECT_OBJC_ISA_USAGE = YES_ERROR;
				CLANG_WARN_DOCUMENTATION_COMMENTS = YES;
				CLANG_WARN_EMPTY_BODY = YES;
				CLANG_WARN_ENUM_CONVERSION = YES;
				CLANG_WARN_INFINITE_RECURSION = YES;
				CLANG_WARN_INT_CONVERSION = YES;
				CLANG_WARN_NON_LITERAL_NULL_CONVERSION = YES;
				CLANG_WARN_OBJC_IMPLICIT_RETAIN_SELF = YES;
				CLANG_WARN_OBJC_LITERAL_CONVERSION = YES;
				CLANG_WARN_OBJC_ROOT_CLASS = YES_ERROR;
				CLANG_WARN_QUOTED_INCLUDE_IN_FRAMEWORK_HEADER = YES;
				CLANG_WARN_RANGE_LOOP_ANALYSIS = YES;
				CLANG_WARN_STRICT_PROTOTYPES = YES;
				CLANG_WARN_SUSPICIOUS_MOVE = YES;
				CLANG_WARN_UNGUARDED_AVAILABILITY = YES_AGGRESSIVE;
				CLANG_WARN_UNREACHABLE_CODE = YES;
				CLANG_WARN__DUPLICATE_METHOD_MATCH = YES;
				COPY_PHASE_STRIP = NO;
				DEBUG_INFORMATION_FORMAT = "dwarf-with-dsym";
				ENABLE_NS_ASSERTIONS = NO;
				ENABLE_STRICT_OBJC_MSGSEND = YES;
				ENABLE_USER_SCRIPT_SANDBOXING = YES;
				GCC_C_LANGUAGE_STANDARD = gnu17;
				GCC_NO_COMMON_BLOCKS = YES;
				GCC_WARN_64_TO_32_BIT_CONVERSION = YES;
				GCC_WARN_ABOUT_RETURN_TYPE = YES_ERROR;
				GCC_WARN_UNDECLARED_SELECTOR = YES;
				GCC_WARN_UNINITIALIZED_AUTOS = YES_AGGRESSIVE;
				GCC_WARN_UNUSED_FUNCTION = YES;
				GCC_WARN_UNUSED_VARIABLE = YES;
				IPHONEOS_DEPLOYMENT_TARGET = 17.5;
				LOCALIZATION_PREFERS_STRING_CATALOGS = YES;
				MTL_ENABLE_DEBUG_INFO = NO;
				MTL_FAST_MATH = YES;
				SDKROOT = iphoneos;
				SWIFT_COMPILATION_MODE = wholemodule;
				VALIDATE_PRODUCT = YES;
			};
			name = Release;
		};
		BFE2C1172C3C099A00A41810 /* Debug */ = {
			isa = XCBuildConfiguration;
			buildSettings = {
				ASSETCATALOG_COMPILER_APPICON_NAME = AppIcon;
				ASSETCATALOG_COMPILER_GLOBAL_ACCENT_COLOR_NAME = AccentColor;
				CODE_SIGN_STYLE = Automatic;
				CURRENT_PROJECT_VERSION = 1;
				DEVELOPMENT_TEAM = MW8J28522L;
				GENERATE_INFOPLIST_FILE = YES;
				INFOPLIST_FILE = GithubFollowers/Info.plist;
				INFOPLIST_KEY_UIApplicationSupportsIndirectInputEvents = YES;
				INFOPLIST_KEY_UILaunchStoryboardName = LaunchScreen;
				INFOPLIST_KEY_UISupportedInterfaceOrientations = UIInterfaceOrientationPortrait;
				INFOPLIST_KEY_UISupportedInterfaceOrientations_iPad = "UIInterfaceOrientationPortrait UIInterfaceOrientationPortraitUpsideDown";
				LD_RUNPATH_SEARCH_PATHS = (
					"$(inherited)",
					"@executable_path/Frameworks",
				);
				MARKETING_VERSION = 1.0;
				PRODUCT_BUNDLE_IDENTIFIER = com.Jun.GithubFollowers;
				PRODUCT_NAME = "$(TARGET_NAME)";
				SUPPORTED_PLATFORMS = "iphoneos iphonesimulator";
				SUPPORTS_MACCATALYST = NO;
				SUPPORTS_MAC_DESIGNED_FOR_IPHONE_IPAD = NO;
				SUPPORTS_XR_DESIGNED_FOR_IPHONE_IPAD = NO;
				SWIFT_EMIT_LOC_STRINGS = YES;
				SWIFT_VERSION = 5.0;
				TARGETED_DEVICE_FAMILY = 1;
			};
			name = Debug;
		};
		BFE2C1182C3C099A00A41810 /* Release */ = {
			isa = XCBuildConfiguration;
			buildSettings = {
				ASSETCATALOG_COMPILER_APPICON_NAME = AppIcon;
				ASSETCATALOG_COMPILER_GLOBAL_ACCENT_COLOR_NAME = AccentColor;
				CODE_SIGN_STYLE = Automatic;
				CURRENT_PROJECT_VERSION = 1;
				DEVELOPMENT_TEAM = MW8J28522L;
				GENERATE_INFOPLIST_FILE = YES;
				INFOPLIST_FILE = GithubFollowers/Info.plist;
				INFOPLIST_KEY_UIApplicationSupportsIndirectInputEvents = YES;
				INFOPLIST_KEY_UILaunchStoryboardName = LaunchScreen;
				INFOPLIST_KEY_UISupportedInterfaceOrientations = UIInterfaceOrientationPortrait;
				INFOPLIST_KEY_UISupportedInterfaceOrientations_iPad = "UIInterfaceOrientationPortrait UIInterfaceOrientationPortraitUpsideDown";
				LD_RUNPATH_SEARCH_PATHS = (
					"$(inherited)",
					"@executable_path/Frameworks",
				);
				MARKETING_VERSION = 1.0;
				PRODUCT_BUNDLE_IDENTIFIER = com.Jun.GithubFollowers;
				PRODUCT_NAME = "$(TARGET_NAME)";
				SUPPORTED_PLATFORMS = "iphoneos iphonesimulator";
				SUPPORTS_MACCATALYST = NO;
				SUPPORTS_MAC_DESIGNED_FOR_IPHONE_IPAD = NO;
				SUPPORTS_XR_DESIGNED_FOR_IPHONE_IPAD = NO;
				SWIFT_EMIT_LOC_STRINGS = YES;
				SWIFT_VERSION = 5.0;
				TARGETED_DEVICE_FAMILY = 1;
			};
			name = Release;
		};
/* End XCBuildConfiguration section */

/* Begin XCConfigurationList section */
		BFE2C0FD2C3C099900A41810 /* Build configuration list for PBXProject "GithubFollowers" */ = {
			isa = XCConfigurationList;
			buildConfigurations = (
				BFE2C1142C3C099A00A41810 /* Debug */,
				BFE2C1152C3C099A00A41810 /* Release */,
			);
			defaultConfigurationIsVisible = 0;
			defaultConfigurationName = Release;
		};
		BFE2C1162C3C099A00A41810 /* Build configuration list for PBXNativeTarget "GithubFollowers" */ = {
			isa = XCConfigurationList;
			buildConfigurations = (
				BFE2C1172C3C099A00A41810 /* Debug */,
				BFE2C1182C3C099A00A41810 /* Release */,
			);
			defaultConfigurationIsVisible = 0;
			defaultConfigurationName = Release;
		};
/* End XCConfigurationList section */
	};
	rootObject = BFE2C0FA2C3C099900A41810 /* Project object */;
}
